
Microsoft Visual Studio Solution File, Format Version 12.00
Project("{2150E333-8FDC-42A3-9474-1A3956D46DE8}") = "src", "src", "{632883A4-17F6-4855-885B-2CABC5131B2B}"
EndProject
Project("{FAE04EC0-301F-11D3-BF4B-00C04F79EFBC}") = "FullForum-Infrastructure", "src\FullForum-Infrastructure\FullForum-Infrastructure.csproj", "{D96AAE2D-BB4C-4792-8BCD-D478F55C4950}"
EndProject
Project("{FAE04EC0-301F-11D3-BF4B-00C04F79EFBC}") = "FullForum-Domain", "src\FullForum-Domain\FullForum-Domain.csproj", "{6EF650BC-8994-4A7F-8A27-95CF58416682}"
EndProject
Project("{FAE04EC0-301F-11D3-BF4B-00C04F79EFBC}") = "FullForum-Application", "src\FullForum-Application\FullForum-Application.csproj", "{FC06E637-5186-4D51-AF9F-F47D31B7F280}"
EndProject
Project("{FAE04EC0-301F-11D3-BF4B-00C04F79EFBC}") = "FullForum-WebApi", "src\FullForum-WebApi\FullForum-WebApi.csproj", "{9B97F0DD-CDBD-4BB1-973C-C859FD9B484D}"
EndProject
Project("{FAE04EC0-301F-11D3-BF4B-00C04F79EFBC}") = "FullForum-WebUi", "src\FullForum-WebUi\FullForum-WebUi.csproj", "{7039AB31-A980-46DF-A608-9AB0E69459A1}"
EndProject
Project("{FAE04EC0-301F-11D3-BF4B-00C04F79EFBC}") = "FullForumTest", "src\FullForumTest\FullForumTest.csproj", "{1CC802C0-38F0-4AD5-B642-294C81501B73}"
EndProject
Global
	GlobalSection(SolutionConfigurationPlatforms) = preSolution
		Debug|Any CPU = Debug|Any CPU
		Release|Any CPU = Release|Any CPU
	EndGlobalSection
	GlobalSection(ProjectConfigurationPlatforms) = postSolution
		{D96AAE2D-BB4C-4792-8BCD-D478F55C4950}.Debug|Any CPU.ActiveCfg = Debug|Any CPU
		{D96AAE2D-BB4C-4792-8BCD-D478F55C4950}.Debug|Any CPU.Build.0 = Debug|Any CPU
		{D96AAE2D-BB4C-4792-8BCD-D478F55C4950}.Release|Any CPU.ActiveCfg = Release|Any CPU
		{D96AAE2D-BB4C-4792-8BCD-D478F55C4950}.Release|Any CPU.Build.0 = Release|Any CPU
		{6EF650BC-8994-4A7F-8A27-95CF58416682}.Debug|Any CPU.ActiveCfg = Debug|Any CPU
		{6EF650BC-8994-4A7F-8A27-95CF58416682}.Debug|Any CPU.Build.0 = Debug|Any CPU
		{6EF650BC-8994-4A7F-8A27-95CF58416682}.Release|Any CPU.ActiveCfg = Release|Any CPU
		{6EF650BC-8994-4A7F-8A27-95CF58416682}.Release|Any CPU.Build.0 = Release|Any CPU
		{FC06E637-5186-4D51-AF9F-F47D31B7F280}.Debug|Any CPU.ActiveCfg = Debug|Any CPU
		{FC06E637-5186-4D51-AF9F-F47D31B7F280}.Debug|Any CPU.Build.0 = Debug|Any CPU
		{FC06E637-5186-4D51-AF9F-F47D31B7F280}.Release|Any CPU.ActiveCfg = Release|Any CPU
		{FC06E637-5186-4D51-AF9F-F47D31B7F280}.Release|Any CPU.Build.0 = Release|Any CPU
		{9B97F0DD-CDBD-4BB1-973C-C859FD9B484D}.Debug|Any CPU.ActiveCfg = Debug|Any CPU
		{9B97F0DD-CDBD-4BB1-973C-C859FD9B484D}.Debug|Any CPU.Build.0 = Debug|Any CPU
		{9B97F0DD-CDBD-4BB1-973C-C859FD9B484D}.Release|Any CPU.ActiveCfg = Release|Any CPU
		{9B97F0DD-CDBD-4BB1-973C-C859FD9B484D}.Release|Any CPU.Build.0 = Release|Any CPU
		{7039AB31-A980-46DF-A608-9AB0E69459A1}.Debug|Any CPU.ActiveCfg = Debug|Any CPU
		{7039AB31-A980-46DF-A608-9AB0E69459A1}.Debug|Any CPU.Build.0 = Debug|Any CPU
		{7039AB31-A980-46DF-A608-9AB0E69459A1}.Release|Any CPU.ActiveCfg = Release|Any CPU
		{7039AB31-A980-46DF-A608-9AB0E69459A1}.Release|Any CPU.Build.0 = Release|Any CPU
		{1CC802C0-38F0-4AD5-B642-294C81501B73}.Debug|Any CPU.ActiveCfg = Debug|Any CPU
		{1CC802C0-38F0-4AD5-B642-294C81501B73}.Debug|Any CPU.Build.0 = Debug|Any CPU
		{1CC802C0-38F0-4AD5-B642-294C81501B73}.Release|Any CPU.ActiveCfg = Release|Any CPU
		{1CC802C0-38F0-4AD5-B642-294C81501B73}.Release|Any CPU.Build.0 = Release|Any CPU
	EndGlobalSection
	GlobalSection(NestedProjects) = preSolution
		{D96AAE2D-BB4C-4792-8BCD-D478F55C4950} = {632883A4-17F6-4855-885B-2CABC5131B2B}
		{6EF650BC-8994-4A7F-8A27-95CF58416682} = {632883A4-17F6-4855-885B-2CABC5131B2B}
		{FC06E637-5186-4D51-AF9F-F47D31B7F280} = {632883A4-17F6-4855-885B-2CABC5131B2B}
		{9B97F0DD-CDBD-4BB1-973C-C859FD9B484D} = {632883A4-17F6-4855-885B-2CABC5131B2B}
		{7039AB31-A980-46DF-A608-9AB0E69459A1} = {632883A4-17F6-4855-885B-2CABC5131B2B}
		{1CC802C0-38F0-4AD5-B642-294C81501B73} = {632883A4-17F6-4855-885B-2CABC5131B2B}
	EndGlobalSection
EndGlobal
